
Microsoft Visual Studio Solution File, Format Version 12.00
# Visual Studio Version 16
VisualStudioVersion = 16.0.28531.58
MinimumVisualStudioVersion = 10.0.40219.1
Project("{FAE04EC0-301F-11D3-BF4B-00C04F79EFBC}") = "SendGridIntegration", "SendGridIntegration\SendGridIntegration.csproj", "{409601A6-75E6-4F9C-847F-83C65ECF115C}"
EndProject
Global
	GlobalSection(SolutionConfigurationPlatforms) = preSolution
		Debug|Any CPU = Debug|Any CPU
		Release|Any CPU = Release|Any CPU
	EndGlobalSection
	GlobalSection(ProjectConfigurationPlatforms) = postSolution
		{409601A6-75E6-4F9C-847F-83C65ECF115C}.Debug|Any CPU.ActiveCfg = Debug|Any CPU
		{409601A6-75E6-4F9C-847F-83C65ECF115C}.Debug|Any CPU.Build.0 = Debug|Any CPU
		{409601A6-75E6-4F9C-847F-83C65ECF115C}.Release|Any CPU.ActiveCfg = Release|Any CPU
		{409601A6-75E6-4F9C-847F-83C65ECF115C}.Release|Any CPU.Build.0 = Release|Any CPU
	EndGlobalSection
	GlobalSection(SolutionProperties) = preSolution
		HideSolutionNode = FALSE
	EndGlobalSection
	GlobalSection(ExtensibilityGlobals) = postSolution
		SolutionGuid = {BE8EBDF6-AE9F-463C-A10E-1E31C5F41479}
	EndGlobalSection
EndGlobal
